
Microsoft Visual Studio Solution File, Format Version 12.00
# Visual Studio Version 16
VisualStudioVersion = 16.0.28621.142
MinimumVisualStudioVersion = 10.0.40219.1
Project("{9A19103F-16F7-4668-BE54-9A1E7A4F7556}") = "Data.Api", "Data.Api\Data.Api.csproj", "{DD55B31B-99D4-432B-ACE5-0B644B6C6F3B}"
EndProject
Project("{9A19103F-16F7-4668-BE54-9A1E7A4F7556}") = "Data.Api.Tests", "Data.Api.Tests\Data.Api.Tests.csproj", "{E5EAA0A5-C260-4FE5-B609-2913F902A979}"
EndProject
Project("{9A19103F-16F7-4668-BE54-9A1E7A4F7556}") = "Data.Repositories", "Data.Repositories\Data.Repositories.csproj", "{821E0AD7-DF1D-4702-9626-87F0F2EF4B2F}"
EndProject
Project("{9A19103F-16F7-4668-BE54-9A1E7A4F7556}") = "Data.Repositories.Tests", "Data.Repositories.Tests\Data.Repositories.Tests.csproj", "{CF8DE61D-36EE-408B-9F6F-FCFF1C6D6762}"
EndProject
Project("{9A19103F-16F7-4668-BE54-9A1E7A4F7556}") = "Data.Models", "Data.Models\Data.Models.csproj", "{AC16343E-A0EF-4450-B568-38E8F871EC6B}"
EndProject
Project("{9A19103F-16F7-4668-BE54-9A1E7A4F7556}") = "Data.Options", "Data.Options\Data.Options.csproj", "{3F3B2C5E-3EB9-4F38-A58E-D62A709F749E}"
EndProject
Project("{2150E333-8FDC-42A3-9474-1A3956D46DE8}") = "Solution Items", "Solution Items", "{65438B56-B969-47C2-B0FC-3502B96774CB}"
	ProjectSection(SolutionItems) = preProject
		build.sh = build.sh
		docker-compose.yml = docker-compose.yml
		Dockerfile = Dockerfile
	EndProjectSection
EndProject
Project("{9A19103F-16F7-4668-BE54-9A1E7A4F7556}") = "Data.Services", "Data.Services\Data.Services.csproj", "{C694E5FF-4FBE-4C8F-AF44-B7D9F6C09856}"
EndProject
Global
	GlobalSection(SolutionConfigurationPlatforms) = preSolution
		Debug|Any CPU = Debug|Any CPU
		Release|Any CPU = Release|Any CPU
	EndGlobalSection
	GlobalSection(ProjectConfigurationPlatforms) = postSolution
		{DD55B31B-99D4-432B-ACE5-0B644B6C6F3B}.Debug|Any CPU.ActiveCfg = Debug|Any CPU
		{DD55B31B-99D4-432B-ACE5-0B644B6C6F3B}.Debug|Any CPU.Build.0 = Debug|Any CPU
		{DD55B31B-99D4-432B-ACE5-0B644B6C6F3B}.Release|Any CPU.ActiveCfg = Release|Any CPU
		{DD55B31B-99D4-432B-ACE5-0B644B6C6F3B}.Release|Any CPU.Build.0 = Release|Any CPU
		{E5EAA0A5-C260-4FE5-B609-2913F902A979}.Debug|Any CPU.ActiveCfg = Debug|Any CPU
		{E5EAA0A5-C260-4FE5-B609-2913F902A979}.Debug|Any CPU.Build.0 = Debug|Any CPU
		{E5EAA0A5-C260-4FE5-B609-2913F902A979}.Release|Any CPU.ActiveCfg = Release|Any CPU
		{E5EAA0A5-C260-4FE5-B609-2913F902A979}.Release|Any CPU.Build.0 = Release|Any CPU
		{821E0AD7-DF1D-4702-9626-87F0F2EF4B2F}.Debug|Any CPU.ActiveCfg = Debug|Any CPU
		{821E0AD7-DF1D-4702-9626-87F0F2EF4B2F}.Debug|Any CPU.Build.0 = Debug|Any CPU
		{821E0AD7-DF1D-4702-9626-87F0F2EF4B2F}.Release|Any CPU.ActiveCfg = Release|Any CPU
		{821E0AD7-DF1D-4702-9626-87F0F2EF4B2F}.Release|Any CPU.Build.0 = Release|Any CPU
		{CF8DE61D-36EE-408B-9F6F-FCFF1C6D6762}.Debug|Any CPU.ActiveCfg = Debug|Any CPU
		{CF8DE61D-36EE-408B-9F6F-FCFF1C6D6762}.Debug|Any CPU.Build.0 = Debug|Any CPU
		{CF8DE61D-36EE-408B-9F6F-FCFF1C6D6762}.Release|Any CPU.ActiveCfg = Release|Any CPU
		{CF8DE61D-36EE-408B-9F6F-FCFF1C6D6762}.Release|Any CPU.Build.0 = Release|Any CPU
		{AC16343E-A0EF-4450-B568-38E8F871EC6B}.Debug|Any CPU.ActiveCfg = Debug|Any CPU
		{AC16343E-A0EF-4450-B568-38E8F871EC6B}.Debug|Any CPU.Build.0 = Debug|Any CPU
		{AC16343E-A0EF-4450-B568-38E8F871EC6B}.Release|Any CPU.ActiveCfg = Release|Any CPU
		{AC16343E-A0EF-4450-B568-38E8F871EC6B}.Release|Any CPU.Build.0 = Release|Any CPU
		{3F3B2C5E-3EB9-4F38-A58E-D62A709F749E}.Debug|Any CPU.ActiveCfg = Debug|Any CPU
		{3F3B2C5E-3EB9-4F38-A58E-D62A709F749E}.Debug|Any CPU.Build.0 = Debug|Any CPU
		{3F3B2C5E-3EB9-4F38-A58E-D62A709F749E}.Release|Any CPU.ActiveCfg = Release|Any CPU
		{3F3B2C5E-3EB9-4F38-A58E-D62A709F749E}.Release|Any CPU.Build.0 = Release|Any CPU
		{C694E5FF-4FBE-4C8F-AF44-B7D9F6C09856}.Debug|Any CPU.ActiveCfg = Debug|Any CPU
		{C694E5FF-4FBE-4C8F-AF44-B7D9F6C09856}.Debug|Any CPU.Build.0 = Debug|Any CPU
		{C694E5FF-4FBE-4C8F-AF44-B7D9F6C09856}.Release|Any CPU.ActiveCfg = Release|Any CPU
		{C694E5FF-4FBE-4C8F-AF44-B7D9F6C09856}.Release|Any CPU.Build.0 = Release|Any CPU
	EndGlobalSection
	GlobalSection(SolutionProperties) = preSolution
		HideSolutionNode = FALSE
	EndGlobalSection
	GlobalSection(ExtensibilityGlobals) = postSolution
		SolutionGuid = {38A302D6-DEAB-4C52-B106-875A77F92E64}
	EndGlobalSection
EndGlobal
